
Microsoft Visual Studio Solution File, Format Version 9.00
# Visual Studio 2005
Project("{8BC9CEB8-8B4A-11D0-8D11-00A0C91BC942}") = "disasm64", "disasm64.vcproj", "{AC9510CB-9723-4866-9451-CFD3934BA1DA}"
EndProject
Global
	GlobalSection(SolutionConfigurationPlatforms) = preSolution
		Debug|Win32 = Debug|Win32
		Release|Win32 = Release|Win32
	EndGlobalSection
	GlobalSection(ProjectConfigurationPlatforms) = postSolution
		{AC9510CB-9723-4866-9451-CFD3934BA1DA}.Debug|Win32.ActiveCfg = Debug|Win32
		{AC9510CB-9723-4866-9451-CFD3934BA1DA}.Debug|Win32.Build.0 = Debug|Win32
		{AC9510CB-9723-4866-9451-CFD3934BA1DA}.Release|Win32.ActiveCfg = Release|Win32
		{AC9510CB-9723-4866-9451-CFD3934BA1DA}.Release|Win32.Build.0 = Release|Win32
	EndGlobalSection
	GlobalSection(SolutionProperties) = preSolution
		HideSolutionNode = FALSE
	EndGlobalSection
EndGlobal
